
Microsoft Visual Studio Solution File, Format Version 12.00
# Visual Studio Version 16
VisualStudioVersion = 16.0.31129.286
MinimumVisualStudioVersion = 10.0.40219.1
Project("{FAE04EC0-301F-11D3-BF4B-00C04F79EFBC}") = "projectAUTO", "projectAUTO.csproj", "{23C194B5-6271-445F-8BED-FE4ECBB3F29B}"
EndProject
Global
	GlobalSection(SolutionConfigurationPlatforms) = preSolution
		Debug|Any CPU = Debug|Any CPU
		Release|Any CPU = Release|Any CPU
	EndGlobalSection
	GlobalSection(ProjectConfigurationPlatforms) = postSolution
		{23C194B5-6271-445F-8BED-FE4ECBB3F29B}.Debug|Any CPU.ActiveCfg = Debug|Any CPU
		{23C194B5-6271-445F-8BED-FE4ECBB3F29B}.Debug|Any CPU.Build.0 = Debug|Any CPU
		{23C194B5-6271-445F-8BED-FE4ECBB3F29B}.Release|Any CPU.ActiveCfg = Release|Any CPU
		{23C194B5-6271-445F-8BED-FE4ECBB3F29B}.Release|Any CPU.Build.0 = Release|Any CPU
	EndGlobalSection
	GlobalSection(SolutionProperties) = preSolution
		HideSolutionNode = FALSE
	EndGlobalSection
	GlobalSection(ExtensibilityGlobals) = postSolution
		SolutionGuid = {C215E2CB-C1F0-45E1-98F9-B384E54D1273}
	EndGlobalSection
EndGlobal
